github.com/alok87/goutils v0.0.0-20170710173822-29ef704e5505 h1:pAyqBjD+okJQK6F7u4DMY45oalMwRCqkt6r83H1fPSc=
github.com/alok87/goutils v0.0.0-20170710173822-29ef704e5505/go.mod h1:ar43zx6lJlbVp6G2xcCFbHZF2p3s2ME4PoxM/ADonDE=
github.com/disintegration/gift v1.2.0 h1:VMQeei2F+ZtsHjMgP6Sdt1kFjRhs2lGz8ljEOPeIR50=
github.com/disintegration/gift v1.2.0/go.mod h1:Jh2i7f7Q2BM7Ezno3PhfezbR1xpUg9dUg3/RlKGr4HI=
github.com/disintegration/imaging v1.5.0 h1:uYqUhwNmLU4K1FN44vhqS4TZJRAA4RhBINgbQlKyGi0=
github.com/disintegration/imaging v1.5.0/go.mod h1:9B/deIUIrliYkyMTuXJd6OUFLcrZ2tf+3Qlwnaf/CjU=
golang.org/x/image v0.0.0-20180926015637-991ec62608f3 h1:5IfA9fqItkh2alJW94tvQk+6+RF9MW2q9DzwE8DBddQ=
golang.org/x/image v0.0.0-20180926015637-991ec62608f3/go.mod h1:ux5Hcp/YLpHSI86hEcLt0YII63i6oz57MZXIpbrjZUs=
